
Microsoft Visual Studio Solution File, Format Version 12.00
# Visual Studio Version 16
VisualStudioVersion = 16.0.31112.23
MinimumVisualStudioVersion = 10.0.40219.1
Project("{FAE04EC0-301F-11D3-BF4B-00C04F79EFBC}") = "Async_Await", "Async_Await\Async_Await.csproj", "{DA9CAB29-E966-45F4-9B50-3604978169C8}"
EndProject
Global
	GlobalSection(SolutionConfigurationPlatforms) = preSolution
		Debug|Any CPU = Debug|Any CPU
		Release|Any CPU = Release|Any CPU
	EndGlobalSection
	GlobalSection(ProjectConfigurationPlatforms) = postSolution
		{DA9CAB29-E966-45F4-9B50-3604978169C8}.Debug|Any CPU.ActiveCfg = Debug|Any CPU
		{DA9CAB29-E966-45F4-9B50-3604978169C8}.Debug|Any CPU.Build.0 = Debug|Any CPU
		{DA9CAB29-E966-45F4-9B50-3604978169C8}.Release|Any CPU.ActiveCfg = Release|Any CPU
		{DA9CAB29-E966-45F4-9B50-3604978169C8}.Release|Any CPU.Build.0 = Release|Any CPU
	EndGlobalSection
	GlobalSection(SolutionProperties) = preSolution
		HideSolutionNode = FALSE
	EndGlobalSection
	GlobalSection(ExtensibilityGlobals) = postSolution
		SolutionGuid = {618673EF-C38C-4B3C-BBBE-25014D2C2437}
	EndGlobalSection
EndGlobal
